// !$*UTF8*$!
{
	archiveVersion = 1;
	classes = {
	};
	objectVersion = 51;
	objects = {

/* Begin PBXBuildFile section */
		285FE1341741FC686F0BEB75 /* FreCLLocationCoordinate.swift in Sources */ = {isa = PBXBuildFile; fileRef = 285FE4E5D8DD21768875CCFD /* FreCLLocationCoordinate.swift */; };
		285FE3EB871F2DD420623AEE /* GoogleMapsANE_LIB.h in Headers */ = {isa = PBXBuildFile; fileRef = 285FEBB3CADF8D704FAB5E4D /* GoogleMapsANE_LIB.h */; };
		285FE43BB13A003DF0009958 /* FreMKCircle.swift in Sources */ = {isa = PBXBuildFile; fileRef = 285FE3EB6401C4553D5DC713 /* FreMKCircle.swift */; };
		285FE645B808125071F7A08A /* CustomMKCircle.swift in Sources */ = {isa = PBXBuildFile; fileRef = 285FE9BC1B43C00633CEE916 /* CustomMKCircle.swift */; };
		285FE6FF36D515256EAE7B63 /* FreGMSCircle.swift in Sources */ = {isa = PBXBuildFile; fileRef = 285FE41C9FE2CEB9DCF6CB30 /* FreGMSCircle.swift */; };
		285FECB67C2311471C2CD119 /* GoogleMapsANE_LIB.m in Sources */ = {isa = PBXBuildFile; fileRef = 285FE6D7F3D6356FA03A26C0 /* GoogleMapsANE_LIB.m */; };
		90C3B5D721F4D83B002F59AB /* FreGMSPolygon.swift in Sources */ = {isa = PBXBuildFile; fileRef = 90C3B5D621F4D83B002F59AB /* FreGMSPolygon.swift */; };
		90C3B5D921F4E135002F59AB /* FreGMSMutablePath.swift in Sources */ = {isa = PBXBuildFile; fileRef = 90C3B5D821F4E135002F59AB /* FreGMSMutablePath.swift */; };
		CE39808E1E58BAA90062485B /* GoogleMapsANE_FW.h in Headers */ = {isa = PBXBuildFile; fileRef = CE39808C1E58BAA90062485B /* GoogleMapsANE_FW.h */; settings = {ATTRIBUTES = (Public, ); }; };
		CE3980981E58BB070062485B /* SwiftController.swift in Sources */ = {isa = PBXBuildFile; fileRef = CE3980971E58BB070062485B /* SwiftController.swift */; };
		CE3980AD1E58BF3F0062485B /* GoogleMapsANE_FW.framework in Frameworks */ = {isa = PBXBuildFile; fileRef = CE39808A1E58BAA90062485B /* GoogleMapsANE_FW.framework */; };
		CE5D4976202619540067B01C /* LocationController.swift in Sources */ = {isa = PBXBuildFile; fileRef = CE5D4975202619540067B01C /* LocationController.swift */; };
		CE5D4978202619CD0067B01C /* MapProvider.swift in Sources */ = {isa = PBXBuildFile; fileRef = CE5D4977202619CD0067B01C /* MapProvider.swift */; };
		CE5E29881F6452CC00FDB81A /* MarkerOptions.swift in Sources */ = {isa = PBXBuildFile; fileRef = CE5E29871F6452CC00FDB81A /* MarkerOptions.swift */; };
		CE60CCC41F63DA7F004B1BE7 /* FreSwift.framework in Frameworks */ = {isa = PBXBuildFile; fileRef = CE60CCC31F63DA7F004B1BE7 /* FreSwift.framework */; };
		CE60CCCB1F63E25C004B1BE7 /* FreSwift.framework in Frameworks */ = {isa = PBXBuildFile; fileRef = CE60CCC31F63DA7F004B1BE7 /* FreSwift.framework */; };
		CE60CCCC1F63E444004B1BE7 /* FreMacros.h in Headers */ = {isa = PBXBuildFile; fileRef = CE60CCC11F63DA4D004B1BE7 /* FreMacros.h */; };
		CE6589F31F6EE39100656914 /* MKMapController.swift in Sources */ = {isa = PBXBuildFile; fileRef = CE6589F21F6EE39100656914 /* MKMapController.swift */; };
		CE6589F51F6F1A9900656914 /* MapViewExtension.swift in Sources */ = {isa = PBXBuildFile; fileRef = CE6589F41F6F1A9900656914 /* MapViewExtension.swift */; };
		CE6589F71F6F1B6200656914 /* MapKit.framework in Frameworks */ = {isa = PBXBuildFile; fileRef = CE6589F61F6F1B6200656914 /* MapKit.framework */; };
		CE9397501F70772400A1428C /* CustomMKAnnotation.swift in Sources */ = {isa = PBXBuildFile; fileRef = CE93974F1F70772400A1428C /* CustomMKAnnotation.swift */; };
		CEA0DE161F5DF7330012EB4E /* Accelerate.framework in Frameworks */ = {isa = PBXBuildFile; fileRef = CEA0DE151F5DF7330012EB4E /* Accelerate.framework */; };
		CEA0DE181F5DF7490012EB4E /* CoreBluetooth.framework in Frameworks */ = {isa = PBXBuildFile; fileRef = CEA0DE171F5DF7490012EB4E /* CoreBluetooth.framework */; };
		CEA0DE1A1F5DF7650012EB4E /* libz.tbd in Frameworks */ = {isa = PBXBuildFile; fileRef = CEA0DE191F5DF7650012EB4E /* libz.tbd */; };
		CEA0DE1C1F5DF7710012EB4E /* libicucore.tbd in Frameworks */ = {isa = PBXBuildFile; fileRef = CEA0DE1B1F5DF7710012EB4E /* libicucore.tbd */; };
		CEA0DE1E1F5DF77D0012EB4E /* libc++.1.tbd in Frameworks */ = {isa = PBXBuildFile; fileRef = CEA0DE1D1F5DF77D0012EB4E /* libc++.1.tbd */; };
		CEA0DE201F5DF78A0012EB4E /* libc++abi.tbd in Frameworks */ = {isa = PBXBuildFile; fileRef = CEA0DE1F1F5DF78A0012EB4E /* libc++abi.tbd */; };
		CEA0DE221F5DF7940012EB4E /* libc.tbd in Frameworks */ = {isa = PBXBuildFile; fileRef = CEA0DE211F5DF7940012EB4E /* libc.tbd */; };
		CEA0DE241F5DF7A10012EB4E /* CoreGraphics.framework in Frameworks */ = {isa = PBXBuildFile; fileRef = CEA0DE231F5DF7A10012EB4E /* CoreGraphics.framework */; };
		CEA0DE261F5DF7AC0012EB4E /* SystemConfiguration.framework in Frameworks */ = {isa = PBXBuildFile; fileRef = CEA0DE251F5DF7AC0012EB4E /* SystemConfiguration.framework */; };
		CEA0DE281F5DF7B80012EB4E /* QuartzCore.framework in Frameworks */ = {isa = PBXBuildFile; fileRef = CEA0DE271F5DF7B80012EB4E /* QuartzCore.framework */; };
		CEA0DE2A1F5DF7C40012EB4E /* OpenGLES.framework in Frameworks */ = {isa = PBXBuildFile; fileRef = CEA0DE291F5DF7C40012EB4E /* OpenGLES.framework */; };
		CEA0DE2C1F5DF7CE0012EB4E /* ImageIO.framework in Frameworks */ = {isa = PBXBuildFile; fileRef = CEA0DE2B1F5DF7CE0012EB4E /* ImageIO.framework */; };
		CEA0DE2E1F5DF7D90012EB4E /* GLKit.framework in Frameworks */ = {isa = PBXBuildFile; fileRef = CEA0DE2D1F5DF7D90012EB4E /* GLKit.framework */; };
		CEA0DE301F5DF7E80012EB4E /* CoreText.framework in Frameworks */ = {isa = PBXBuildFile; fileRef = CEA0DE2F1F5DF7E80012EB4E /* CoreText.framework */; };
		CEA0DE321F5DF7F30012EB4E /* CoreLocation.framework in Frameworks */ = {isa = PBXBuildFile; fileRef = CEA0DE311F5DF7F30012EB4E /* CoreLocation.framework */; };
		CEA0DE341F5DF7FA0012EB4E /* CoreData.framework in Frameworks */ = {isa = PBXBuildFile; fileRef = CEA0DE331F5DF7FA0012EB4E /* CoreData.framework */; };
		CEA0DE361F5DF8040012EB4E /* AVFoundation.framework in Frameworks */ = {isa = PBXBuildFile; fileRef = CEA0DE351F5DF8040012EB4E /* AVFoundation.framework */; };
		CEA0DE3C1F5DF8820012EB4E /* GoogleMaps.framework in Frameworks */ = {isa = PBXBuildFile; fileRef = CEA0DE391F5DF8820012EB4E /* GoogleMaps.framework */; };
		CEA0DE3D1F5DF8820012EB4E /* GoogleMapsBase.framework in Frameworks */ = {isa = PBXBuildFile; fileRef = CEA0DE3A1F5DF8820012EB4E /* GoogleMapsBase.framework */; };
		CEA0DE3E1F5DF8820012EB4E /* GoogleMapsCore.framework in Frameworks */ = {isa = PBXBuildFile; fileRef = CEA0DE3B1F5DF8820012EB4E /* GoogleMapsCore.framework */; };
		CEA0DE401F5DF9DD0012EB4E /* GMSMapController.swift in Sources */ = {isa = PBXBuildFile; fileRef = CEA0DE3F1F5DF9DD0012EB4E /* GMSMapController.swift */; };
		CEA0DE421F5DFA7A0012EB4E /* Settings.swift in Sources */ = {isa = PBXBuildFile; fileRef = CEA0DE411F5DFA7A0012EB4E /* Settings.swift */; };
		CEA653332027602C0034C691 /* GMSMapController+GMSMapViewDelegate.swift in Sources */ = {isa = PBXBuildFile; fileRef = CEA653322027602C0034C691 /* GMSMapController+GMSMapViewDelegate.swift */; };
		CEA65335202761590034C691 /* MKMapController+MKMapViewDelegate.swift in Sources */ = {isa = PBXBuildFile; fileRef = CEA65334202761590034C691 /* MKMapController+MKMapViewDelegate.swift */; };
		CEA65337202763570034C691 /* SwiftController+FreSwift.swift in Sources */ = {isa = PBXBuildFile; fileRef = CEA65336202763570034C691 /* SwiftController+FreSwift.swift */; };
		CEB5ED121F5C4F7800AE8B16 /* SwiftyJSON.h in Headers */ = {isa = PBXBuildFile; fileRef = CEB5ED101F5C4F7800AE8B16 /* SwiftyJSON.h */; };
		CEB5ED131F5C4F7800AE8B16 /* SwiftyJSON.swift in Sources */ = {isa = PBXBuildFile; fileRef = CEB5ED111F5C4F7800AE8B16 /* SwiftyJSON.swift */; };
		CEB5ED151F5C56F900AE8B16 /* Constants.swift in Sources */ = {isa = PBXBuildFile; fileRef = CEB5ED141F5C56F900AE8B16 /* Constants.swift */; };
		CEC1A0FD1FF7187600ED797A /* FreGMSMarker.swift in Sources */ = {isa = PBXBuildFile; fileRef = CEC1A0FC1FF7187600ED797A /* FreGMSMarker.swift */; };
		CEFB3BC11FF7C4460095DE62 /* FreGMSGroundOverlay.swift in Sources */ = {isa = PBXBuildFile; fileRef = CEFB3BC01FF7C4460095DE62 /* FreGMSGroundOverlay.swift */; };
		CEFB3BC31FF7CC3F0095DE62 /* FreGMSPolyline.swift in Sources */ = {isa = PBXBuildFile; fileRef = CEFB3BC21FF7CC3F0095DE62 /* FreGMSPolyline.swift */; };
		CEFB3BC71FF802360095DE62 /* CustomMKPolygon.swift in Sources */ = {isa = PBXBuildFile; fileRef = CEFB3BC61FF802360095DE62 /* CustomMKPolygon.swift */; };
		CEFB3BC91FF805D00095DE62 /* FreMKPolygon.swift in Sources */ = {isa = PBXBuildFile; fileRef = CEFB3BC81FF805D00095DE62 /* FreMKPolygon.swift */; };
		CEFB3BCB1FF82D240095DE62 /* CustomMKPolyline.swift in Sources */ = {isa = PBXBuildFile; fileRef = CEFB3BCA1FF82D240095DE62 /* CustomMKPolyline.swift */; };
		CEFB3BCD1FF82D8F0095DE62 /* FreMKPolyline.swift in Sources */ = {isa = PBXBuildFile; fileRef = CEFB3BCC1FF82D8F0095DE62 /* FreMKPolyline.swift */; };
/* End PBXBuildFile section */

/* Begin PBXContainerItemProxy section */
		CE3980B01E58C08A0062485B /* PBXContainerItemProxy */ = {
			isa = PBXContainerItemProxy;
			containerPortal = CE3980631E58BA7F0062485B /* Project object */;
			proxyType = 1;
			remoteGlobalIDString = CE3980891E58BAA90062485B;
			remoteInfo = SwiftIOSANE_FW;
		};
/* End PBXContainerItemProxy section */

/* Begin PBXFileReference section */
		285FE3EB6401C4553D5DC713 /* FreMKCircle.swift */ = {isa = PBXFileReference; fileEncoding = 4; lastKnownFileType = sourcecode.swift; path = FreMKCircle.swift; sourceTree = "<group>"; };
		285FE41C9FE2CEB9DCF6CB30 /* FreGMSCircle.swift */ = {isa = PBXFileReference; fileEncoding = 4; lastKnownFileType = sourcecode.swift; path = FreGMSCircle.swift; sourceTree = "<group>"; };
		285FE4E5D8DD21768875CCFD /* FreCLLocationCoordinate.swift */ = {isa = PBXFileReference; fileEncoding = 4; lastKnownFileType = sourcecode.swift; path = FreCLLocationCoordinate.swift; sourceTree = "<group>"; };
		285FE6D7F3D6356FA03A26C0 /* GoogleMapsANE_LIB.m */ = {isa = PBXFileReference; fileEncoding = 4; lastKnownFileType = sourcecode.c.objc; path = GoogleMapsANE_LIB.m; sourceTree = "<group>"; };
		285FE9BC1B43C00633CEE916 /* CustomMKCircle.swift */ = {isa = PBXFileReference; fileEncoding = 4; lastKnownFileType = sourcecode.swift; path = CustomMKCircle.swift; sourceTree = "<group>"; };
		285FEBB3CADF8D704FAB5E4D /* GoogleMapsANE_LIB.h */ = {isa = PBXFileReference; fileEncoding = 4; lastKnownFileType = sourcecode.c.h; path = GoogleMapsANE_LIB.h; sourceTree = "<group>"; };
		90C3B5D621F4D83B002F59AB /* FreGMSPolygon.swift */ = {isa = PBXFileReference; fileEncoding = 4; lastKnownFileType = sourcecode.swift; path = FreGMSPolygon.swift; sourceTree = "<group>"; };
		90C3B5D821F4E135002F59AB /* FreGMSMutablePath.swift */ = {isa = PBXFileReference; lastKnownFileType = sourcecode.swift; path = FreGMSMutablePath.swift; sourceTree = "<group>"; };
		CE39808A1E58BAA90062485B /* GoogleMapsANE_FW.framework */ = {isa = PBXFileReference; explicitFileType = wrapper.framework; includeInIndex = 0; path = GoogleMapsANE_FW.framework; sourceTree = BUILT_PRODUCTS_DIR; };
		CE39808C1E58BAA90062485B /* GoogleMapsANE_FW.h */ = {isa = PBXFileReference; lastKnownFileType = sourcecode.c.h; path = GoogleMapsANE_FW.h; sourceTree = "<group>"; };
		CE39808D1E58BAA90062485B /* Info.plist */ = {isa = PBXFileReference; lastKnownFileType = text.plist.xml; path = Info.plist; sourceTree = "<group>"; };
		CE3980971E58BB070062485B /* SwiftController.swift */ = {isa = PBXFileReference; fileEncoding = 4; indentWidth = 4; lastKnownFileType = sourcecode.swift; path = SwiftController.swift; sourceTree = "<group>"; tabWidth = 2; };
		CE39809F1E58BEE10062485B /* libGoogleMapsANE_LIB.a */ = {isa = PBXFileReference; explicitFileType = archive.ar; includeInIndex = 0; path = libGoogleMapsANE_LIB.a; sourceTree = BUILT_PRODUCTS_DIR; };
		CE5D4975202619540067B01C /* LocationController.swift */ = {isa = PBXFileReference; lastKnownFileType = sourcecode.swift; path = LocationController.swift; sourceTree = "<group>"; };
		CE5D4977202619CD0067B01C /* MapProvider.swift */ = {isa = PBXFileReference; lastKnownFileType = sourcecode.swift; path = MapProvider.swift; sourceTree = "<group>"; };
		CE5E29871F6452CC00FDB81A /* MarkerOptions.swift */ = {isa = PBXFileReference; fileEncoding = 4; lastKnownFileType = sourcecode.swift; path = MarkerOptions.swift; sourceTree = "<group>"; };
		CE60CCC11F63DA4D004B1BE7 /* FreMacros.h */ = {isa = PBXFileReference; fileEncoding = 4; lastKnownFileType = sourcecode.c.h; path = FreMacros.h; sourceTree = "<group>"; };
		CE60CCC31F63DA7F004B1BE7 /* FreSwift.framework */ = {isa = PBXFileReference; lastKnownFileType = wrapper.framework; name = FreSwift.framework; path = Carthage/Build/iOS/FreSwift.framework; sourceTree = "<group>"; };
		CE6589F21F6EE39100656914 /* MKMapController.swift */ = {isa = PBXFileReference; fileEncoding = 4; lastKnownFileType = sourcecode.swift; path = MKMapController.swift; sourceTree = "<group>"; };
		CE6589F41F6F1A9900656914 /* MapViewExtension.swift */ = {isa = PBXFileReference; fileEncoding = 4; lastKnownFileType = sourcecode.swift; path = MapViewExtension.swift; sourceTree = "<group>"; };
		CE6589F61F6F1B6200656914 /* MapKit.framework */ = {isa = PBXFileReference; lastKnownFileType = wrapper.framework; name = MapKit.framework; path = System/Library/Frameworks/MapKit.framework; sourceTree = SDKROOT; };
		CE93974F1F70772400A1428C /* CustomMKAnnotation.swift */ = {isa = PBXFileReference; fileEncoding = 4; lastKnownFileType = sourcecode.swift; path = CustomMKAnnotation.swift; sourceTree = "<group>"; };
		CEA0DE151F5DF7330012EB4E /* Accelerate.framework */ = {isa = PBXFileReference; lastKnownFileType = wrapper.framework; name = Accelerate.framework; path = System/Library/Frameworks/Accelerate.framework; sourceTree = SDKROOT; };
		CEA0DE171F5DF7490012EB4E /* CoreBluetooth.framework */ = {isa = PBXFileReference; lastKnownFileType = wrapper.framework; name = CoreBluetooth.framework; path = System/Library/Frameworks/CoreBluetooth.framework; sourceTree = SDKROOT; };
		CEA0DE191F5DF7650012EB4E /* libz.tbd */ = {isa = PBXFileReference; lastKnownFileType = "sourcecode.text-based-dylib-definition"; name = libz.tbd; path = usr/lib/libz.tbd; sourceTree = SDKROOT; };
		CEA0DE1B1F5DF7710012EB4E /* libicucore.tbd */ = {isa = PBXFileReference; lastKnownFileType = "sourcecode.text-based-dylib-definition"; name = libicucore.tbd; path = usr/lib/libicucore.tbd; sourceTree = SDKROOT; };
		CEA0DE1D1F5DF77D0012EB4E /* libc++.1.tbd */ = {isa = PBXFileReference; lastKnownFileType = "sourcecode.text-based-dylib-definition"; name = "libc++.1.tbd"; path = "usr/lib/libc++.1.tbd"; sourceTree = SDKROOT; };
		CEA0DE1F1F5DF78A0012EB4E /* libc++abi.tbd */ = {isa = PBXFileReference; lastKnownFileType = "sourcecode.text-based-dylib-definition"; name = "libc++abi.tbd"; path = "usr/lib/libc++abi.tbd"; sourceTree = SDKROOT; };
		CEA0DE211F5DF7940012EB4E /* libc.tbd */ = {isa = PBXFileReference; lastKnownFileType = "sourcecode.text-based-dylib-definition"; name = libc.tbd; path = usr/lib/libc.tbd; sourceTree = SDKROOT; };
		CEA0DE231F5DF7A10012EB4E /* CoreGraphics.framework */ = {isa = PBXFileReference; lastKnownFileType = wrapper.framework; name = CoreGraphics.framework; path = System/Library/Frameworks/CoreGraphics.framework; sourceTree = SDKROOT; };
		CEA0DE251F5DF7AC0012EB4E /* SystemConfiguration.framework */ = {isa = PBXFileReference; lastKnownFileType = wrapper.framework; name = SystemConfiguration.framework; path = System/Library/Frameworks/SystemConfiguration.framework; sourceTree = SDKROOT; };
		CEA0DE271F5DF7B80012EB4E /* QuartzCore.framework */ = {isa = PBXFileReference; lastKnownFileType = wrapper.framework; name = QuartzCore.framework; path = System/Library/Frameworks/QuartzCore.framework; sourceTree = SDKROOT; };
		CEA0DE291F5DF7C40012EB4E /* OpenGLES.framework */ = {isa = PBXFileReference; lastKnownFileType = wrapper.framework; name = OpenGLES.framework; path = System/Library/Frameworks/OpenGLES.framework; sourceTree = SDKROOT; };
		CEA0DE2B1F5DF7CE0012EB4E /* ImageIO.framework */ = {isa = PBXFileReference; lastKnownFileType = wrapper.framework; name = ImageIO.framework; path = System/Library/Frameworks/ImageIO.framework; sourceTree = SDKROOT; };
		CEA0DE2D1F5DF7D90012EB4E /* GLKit.framework */ = {isa = PBXFileReference; lastKnownFileType = wrapper.framework; name = GLKit.framework; path = System/Library/Frameworks/GLKit.framework; sourceTree = SDKROOT; };
		CEA0DE2F1F5DF7E80012EB4E /* CoreText.framework */ = {isa = PBXFileReference; lastKnownFileType = wrapper.framework; name = CoreText.framework; path = System/Library/Frameworks/CoreText.framework; sourceTree = SDKROOT; };
		CEA0DE311F5DF7F30012EB4E /* CoreLocation.framework */ = {isa = PBXFileReference; lastKnownFileType = wrapper.framework; name = CoreLocation.framework; path = System/Library/Frameworks/CoreLocation.framework; sourceTree = SDKROOT; };
		CEA0DE331F5DF7FA0012EB4E /* CoreData.framework */ = {isa = PBXFileReference; lastKnownFileType = wrapper.framework; name = CoreData.framework; path = System/Library/Frameworks/CoreData.framework; sourceTree = SDKROOT; };
		CEA0DE351F5DF8040012EB4E /* AVFoundation.framework */ = {isa = PBXFileReference; lastKnownFileType = wrapper.framework; name = AVFoundation.framework; path = System/Library/Frameworks/AVFoundation.framework; sourceTree = SDKROOT; };
		CEA0DE371F5DF8590012EB4E /* GoogleMaps.bundle */ = {isa = PBXFileReference; lastKnownFileType = "wrapper.plug-in"; name = GoogleMaps.bundle; path = Frameworks/GoogleMaps.bundle; sourceTree = "<group>"; };
		CEA0DE391F5DF8820012EB4E /* GoogleMaps.framework */ = {isa = PBXFileReference; lastKnownFileType = wrapper.framework; name = GoogleMaps.framework; path = Frameworks/GoogleMaps.framework; sourceTree = "<group>"; };
		CEA0DE3A1F5DF8820012EB4E /* GoogleMapsBase.framework */ = {isa = PBXFileReference; lastKnownFileType = wrapper.framework; name = GoogleMapsBase.framework; path = Frameworks/GoogleMapsBase.framework; sourceTree = "<group>"; };
		CEA0DE3B1F5DF8820012EB4E /* GoogleMapsCore.framework */ = {isa = PBXFileReference; lastKnownFileType = wrapper.framework; name = GoogleMapsCore.framework; path = Frameworks/GoogleMapsCore.framework; sourceTree = "<group>"; };
		CEA0DE3F1F5DF9DD0012EB4E /* GMSMapController.swift */ = {isa = PBXFileReference; fileEncoding = 4; lastKnownFileType = sourcecode.swift; path = GMSMapController.swift; sourceTree = "<group>"; };
		CEA0DE411F5DFA7A0012EB4E /* Settings.swift */ = {isa = PBXFileReference; fileEncoding = 4; lastKnownFileType = sourcecode.swift; path = Settings.swift; sourceTree = "<group>"; };
		CEA653322027602C0034C691 /* GMSMapController+GMSMapViewDelegate.swift */ = {isa = PBXFileReference; lastKnownFileType = sourcecode.swift; path = "GMSMapController+GMSMapViewDelegate.swift"; sourceTree = "<group>"; };
		CEA65334202761590034C691 /* MKMapController+MKMapViewDelegate.swift */ = {isa = PBXFileReference; lastKnownFileType = sourcecode.swift; path = "MKMapController+MKMapViewDelegate.swift"; sourceTree = "<group>"; };
		CEA65336202763570034C691 /* SwiftController+FreSwift.swift */ = {isa = PBXFileReference; lastKnownFileType = sourcecode.swift; path = "SwiftController+FreSwift.swift"; sourceTree = "<group>"; };
		CEB5ED101F5C4F7800AE8B16 /* SwiftyJSON.h */ = {isa = PBXFileReference; fileEncoding = 4; lastKnownFileType = sourcecode.c.h; name = SwiftyJSON.h; path = SwiftyJSON/SwiftyJSON.h; sourceTree = "<group>"; };
		CEB5ED111F5C4F7800AE8B16 /* SwiftyJSON.swift */ = {isa = PBXFileReference; fileEncoding = 4; lastKnownFileType = sourcecode.swift; name = SwiftyJSON.swift; path = SwiftyJSON/SwiftyJSON.swift; sourceTree = "<group>"; };
		CEB5ED141F5C56F900AE8B16 /* Constants.swift */ = {isa = PBXFileReference; fileEncoding = 4; lastKnownFileType = sourcecode.swift; path = Constants.swift; sourceTree = "<group>"; };
		CEC1A0FC1FF7187600ED797A /* FreGMSMarker.swift */ = {isa = PBXFileReference; lastKnownFileType = sourcecode.swift; path = FreGMSMarker.swift; sourceTree = "<group>"; };
		CEFB3BC01FF7C4460095DE62 /* FreGMSGroundOverlay.swift */ = {isa = PBXFileReference; lastKnownFileType = sourcecode.swift; path = FreGMSGroundOverlay.swift; sourceTree = "<group>"; };
		CEFB3BC21FF7CC3F0095DE62 /* FreGMSPolyline.swift */ = {isa = PBXFileReference; lastKnownFileType = sourcecode.swift; path = FreGMSPolyline.swift; sourceTree = "<group>"; };
		CEFB3BC61FF802360095DE62 /* CustomMKPolygon.swift */ = {isa = PBXFileReference; lastKnownFileType = sourcecode.swift; path = CustomMKPolygon.swift; sourceTree = "<group>"; };
		CEFB3BC81FF805D00095DE62 /* FreMKPolygon.swift */ = {isa = PBXFileReference; lastKnownFileType = sourcecode.swift; path = FreMKPolygon.swift; sourceTree = "<group>"; };
		CEFB3BCA1FF82D240095DE62 /* CustomMKPolyline.swift */ = {isa = PBXFileReference; lastKnownFileType = sourcecode.swift; path = CustomMKPolyline.swift; sourceTree = "<group>"; };
		CEFB3BCC1FF82D8F0095DE62 /* FreMKPolyline.swift */ = {isa = PBXFileReference; lastKnownFileType = sourcecode.swift; path = FreMKPolyline.swift; sourceTree = "<group>"; };
/* End PBXFileReference section */

/* Begin PBXFrameworksBuildPhase section */
		CE3980861E58BAA90062485B /* Frameworks */ = {
			isa = PBXFrameworksBuildPhase;
			buildActionMask = 2147483647;
			files = (
				CE6589F71F6F1B6200656914 /* MapKit.framework in Frameworks */,
				CEA0DE361F5DF8040012EB4E /* AVFoundation.framework in Frameworks */,
				CEA0DE341F5DF7FA0012EB4E /* CoreData.framework in Frameworks */,
				CEA0DE321F5DF7F30012EB4E /* CoreLocation.framework in Frameworks */,
				CEA0DE301F5DF7E80012EB4E /* CoreText.framework in Frameworks */,
				CEA0DE2E1F5DF7D90012EB4E /* GLKit.framework in Frameworks */,
				CEA0DE2C1F5DF7CE0012EB4E /* ImageIO.framework in Frameworks */,
				CEA0DE3C1F5DF8820012EB4E /* GoogleMaps.framework in Frameworks */,
				CEA0DE3E1F5DF8820012EB4E /* GoogleMapsCore.framework in Frameworks */,
				CEA0DE3D1F5DF8820012EB4E /* GoogleMapsBase.framework in Frameworks */,
				CEA0DE2A1F5DF7C40012EB4E /* OpenGLES.framework in Frameworks */,
				CEA0DE281F5DF7B80012EB4E /* QuartzCore.framework in Frameworks */,
				CEA0DE261F5DF7AC0012EB4E /* SystemConfiguration.framework in Frameworks */,
				CEA0DE241F5DF7A10012EB4E /* CoreGraphics.framework in Frameworks */,
				CEA0DE221F5DF7940012EB4E /* libc.tbd in Frameworks */,
				CEA0DE201F5DF78A0012EB4E /* libc++abi.tbd in Frameworks */,
				CE60CCC41F63DA7F004B1BE7 /* FreSwift.framework in Frameworks */,
				CEA0DE1E1F5DF77D0012EB4E /* libc++.1.tbd in Frameworks */,
				CEA0DE1C1F5DF7710012EB4E /* libicucore.tbd in Frameworks */,
				CEA0DE1A1F5DF7650012EB4E /* libz.tbd in Frameworks */,
				CEA0DE181F5DF7490012EB4E /* CoreBluetooth.framework in Frameworks */,
				CEA0DE161F5DF7330012EB4E /* Accelerate.framework in Frameworks */,
			);
			runOnlyForDeploymentPostprocessing = 0;
		};
		CE39809C1E58BEE10062485B /* Frameworks */ = {
			isa = PBXFrameworksBuildPhase;
			buildActionMask = 2147483647;
			files = (
				CE60CCCB1F63E25C004B1BE7 /* FreSwift.framework in Frameworks */,
				CE3980AD1E58BF3F0062485B /* GoogleMapsANE_FW.framework in Frameworks */,
			);
			runOnlyForDeploymentPostprocessing = 0;
		};
/* End PBXFrameworksBuildPhase section */

/* Begin PBXGroup section */
		CE3551E01E7F1C2E009375A7 /* Misc */ = {
			isa = PBXGroup;
			children = (
				CEB5ED101F5C4F7800AE8B16 /* SwiftyJSON.h */,
				CEB5ED111F5C4F7800AE8B16 /* SwiftyJSON.swift */,
				CE39808D1E58BAA90062485B /* Info.plist */,
			);
			name = Misc;
			sourceTree = "<group>";
		};
		CE3551E11E7F1C37009375A7 /* Headers */ = {
			isa = PBXGroup;
			children = (
				CE39808C1E58BAA90062485B /* GoogleMapsANE_FW.h */,
			);
			name = Headers;
			sourceTree = "<group>";
		};
		CE3980621E58BA7F0062485B = {
			isa = PBXGroup;
			children = (
				CEA0DE371F5DF8590012EB4E /* GoogleMaps.bundle */,
				CE46CA6B1F5B6BC30067794D /* Frameworks */,
				CE39808B1E58BAA90062485B /* GoogleMapsANE_FW */,
				CE3980A01E58BEE10062485B /* GoogleMapsANE_LIB */,
				CE39806C1E58BA7F0062485B /* Products */,
			);
			sourceTree = "<group>";
		};
		CE39806C1E58BA7F0062485B /* Products */ = {
			isa = PBXGroup;
			children = (
				CE39808A1E58BAA90062485B /* GoogleMapsANE_FW.framework */,
				CE39809F1E58BEE10062485B /* libGoogleMapsANE_LIB.a */,
			);
			name = Products;
			sourceTree = "<group>";
		};
		CE39808B1E58BAA90062485B /* GoogleMapsANE_FW */ = {
			isa = PBXGroup;
			children = (
				CEA653392027649F0034C691 /* Model */,
				CEA0DE431F5DFB920012EB4E /* Extensions */,
				CE3551E11E7F1C37009375A7 /* Headers */,
				CE3551E01E7F1C2E009375A7 /* Misc */,
				CE3980971E58BB070062485B /* SwiftController.swift */,
				CEA0DE3F1F5DF9DD0012EB4E /* GMSMapController.swift */,
				CE6589F21F6EE39100656914 /* MKMapController.swift */,
				CEA653382027646D0034C691 /* MapKit */,
				CE5D4975202619540067B01C /* LocationController.swift */,
				CEA653322027602C0034C691 /* GMSMapController+GMSMapViewDelegate.swift */,
				CEA65334202761590034C691 /* MKMapController+MKMapViewDelegate.swift */,
				CEA65336202763570034C691 /* SwiftController+FreSwift.swift */,
			);
			path = GoogleMapsANE_FW;
			sourceTree = "<group>";
		};
		CE3980A01E58BEE10062485B /* GoogleMapsANE_LIB */ = {
			isa = PBXGroup;
			children = (
				CE60CCC11F63DA4D004B1BE7 /* FreMacros.h */,
				285FE6D7F3D6356FA03A26C0 /* GoogleMapsANE_LIB.m */,
				285FEBB3CADF8D704FAB5E4D /* GoogleMapsANE_LIB.h */,
			);
			path = GoogleMapsANE_LIB;
			sourceTree = "<group>";
		};
		CE46CA6B1F5B6BC30067794D /* Frameworks */ = {
			isa = PBXGroup;
			children = (
				CE6589F61F6F1B6200656914 /* MapKit.framework */,
				CE60CCC31F63DA7F004B1BE7 /* FreSwift.framework */,
				CEA0DE391F5DF8820012EB4E /* GoogleMaps.framework */,
				CEA0DE3A1F5DF8820012EB4E /* GoogleMapsBase.framework */,
				CEA0DE3B1F5DF8820012EB4E /* GoogleMapsCore.framework */,
				CEA0DE351F5DF8040012EB4E /* AVFoundation.framework */,
				CEA0DE331F5DF7FA0012EB4E /* CoreData.framework */,
				CEA0DE311F5DF7F30012EB4E /* CoreLocation.framework */,
				CEA0DE2F1F5DF7E80012EB4E /* CoreText.framework */,
				CEA0DE2D1F5DF7D90012EB4E /* GLKit.framework */,
				CEA0DE2B1F5DF7CE0012EB4E /* ImageIO.framework */,
				CEA0DE291F5DF7C40012EB4E /* OpenGLES.framework */,
				CEA0DE271F5DF7B80012EB4E /* QuartzCore.framework */,
				CEA0DE251F5DF7AC0012EB4E /* SystemConfiguration.framework */,
				CEA0DE231F5DF7A10012EB4E /* CoreGraphics.framework */,
				CEA0DE211F5DF7940012EB4E /* libc.tbd */,
				CEA0DE1F1F5DF78A0012EB4E /* libc++abi.tbd */,
				CEA0DE1D1F5DF77D0012EB4E /* libc++.1.tbd */,
				CEA0DE1B1F5DF7710012EB4E /* libicucore.tbd */,
				CEA0DE191F5DF7650012EB4E /* libz.tbd */,
				CEA0DE171F5DF7490012EB4E /* CoreBluetooth.framework */,
				CEA0DE151F5DF7330012EB4E /* Accelerate.framework */,
			);
			name = Frameworks;
			sourceTree = "<group>";
		};
		CEA0DE431F5DFB920012EB4E /* Extensions */ = {
			isa = PBXGroup;
			children = (
				90C3B5D621F4D83B002F59AB /* FreGMSPolygon.swift */,
				285FE41C9FE2CEB9DCF6CB30 /* FreGMSCircle.swift */,
				285FE3EB6401C4553D5DC713 /* FreMKCircle.swift */,
				285FE4E5D8DD21768875CCFD /* FreCLLocationCoordinate.swift */,
				CEC1A0FC1FF7187600ED797A /* FreGMSMarker.swift */,
				CEFB3BC01FF7C4460095DE62 /* FreGMSGroundOverlay.swift */,
				CEFB3BC21FF7CC3F0095DE62 /* FreGMSPolyline.swift */,
				CEFB3BC81FF805D00095DE62 /* FreMKPolygon.swift */,
				CEFB3BCC1FF82D8F0095DE62 /* FreMKPolyline.swift */,
				90C3B5D821F4E135002F59AB /* FreGMSMutablePath.swift */,
			);
			path = Extensions;
			sourceTree = "<group>";
		};
		CEA653382027646D0034C691 /* MapKit */ = {
			isa = PBXGroup;
			children = (
				CE6589F41F6F1A9900656914 /* MapViewExtension.swift */,
				CE93974F1F70772400A1428C /* CustomMKAnnotation.swift */,
				285FE9BC1B43C00633CEE916 /* CustomMKCircle.swift */,
				CEFB3BC61FF802360095DE62 /* CustomMKPolygon.swift */,
				CEFB3BCA1FF82D240095DE62 /* CustomMKPolyline.swift */,
			);
			path = MapKit;
			sourceTree = "<group>";
		};
		CEA653392027649F0034C691 /* Model */ = {
			isa = PBXGroup;
			children = (
				CE5E29871F6452CC00FDB81A /* MarkerOptions.swift */,
				CEB5ED141F5C56F900AE8B16 /* Constants.swift */,
				CEA0DE411F5DFA7A0012EB4E /* Settings.swift */,
				CE5D4977202619CD0067B01C /* MapProvider.swift */,
			);
			path = Model;
			sourceTree = "<group>";
		};
/* End PBXGroup section */

/* Begin PBXHeadersBuildPhase section */
		CE3980871E58BAA90062485B /* Headers */ = {
			isa = PBXHeadersBuildPhase;
			buildActionMask = 2147483647;
			files = (
				CEB5ED121F5C4F7800AE8B16 /* SwiftyJSON.h in Headers */,
				CE39808E1E58BAA90062485B /* GoogleMapsANE_FW.h in Headers */,
			);
			runOnlyForDeploymentPostprocessing = 0;
		};
		CE3980AE1E58BF530062485B /* Headers */ = {
			isa = PBXHeadersBuildPhase;
			buildActionMask = 2147483647;
			files = (
				285FE3EB871F2DD420623AEE /* GoogleMapsANE_LIB.h in Headers */,
				CE60CCCC1F63E444004B1BE7 /* FreMacros.h in Headers */,
			);
			runOnlyForDeploymentPostprocessing = 0;
		};
/* End PBXHeadersBuildPhase section */

/* Begin PBXNativeTarget section */
		CE3980891E58BAA90062485B /* GoogleMapsANE_FW */ = {
			isa = PBXNativeTarget;
			buildConfigurationList = CE3980931E58BAA90062485B /* Build configuration list for PBXNativeTarget "GoogleMapsANE_FW" */;
			buildPhases = (
				CE3980851E58BAA90062485B /* Sources */,
				CE3980861E58BAA90062485B /* Frameworks */,
				CE3980871E58BAA90062485B /* Headers */,
				CE7CFE0420229017007F9024 /* ShellScript */,
			);
			buildRules = (
			);
			dependencies = (
			);
			name = GoogleMapsANE_FW;
			productName = SwiftIOSANE_FW;
			productReference = CE39808A1E58BAA90062485B /* GoogleMapsANE_FW.framework */;
			productType = "com.apple.product-type.framework";
		};
		CE39809E1E58BEE10062485B /* GoogleMapsANE_LIB */ = {
			isa = PBXNativeTarget;
			buildConfigurationList = CE3980A51E58BEE10062485B /* Build configuration list for PBXNativeTarget "GoogleMapsANE_LIB" */;
			buildPhases = (
				CE39809B1E58BEE10062485B /* Sources */,
				CE39809C1E58BEE10062485B /* Frameworks */,
				CE3980AE1E58BF530062485B /* Headers */,
				CE3980B21E58C0D80062485B /* ShellScript */,
			);
			buildRules = (
			);
			dependencies = (
				CE3980B11E58C08A0062485B /* PBXTargetDependency */,
			);
			name = GoogleMapsANE_LIB;
			productName = SwiftIOSANE_LIB;
			productReference = CE39809F1E58BEE10062485B /* libGoogleMapsANE_LIB.a */;
			productType = "com.apple.product-type.library.static";
		};
/* End PBXNativeTarget section */

/* Begin PBXProject section */
		CE3980631E58BA7F0062485B /* Project object */ = {
			isa = PBXProject;
			attributes = {
				LastUpgradeCheck = 0930;
				ORGANIZATIONNAME = "Tua Rua Ltd";
				TargetAttributes = {
					CE3980891E58BAA90062485B = {
						CreatedOnToolsVersion = 8.2;
						DevelopmentTeam = FWEQJ32FGC;
						LastSwiftMigration = 0910;
						ProvisioningStyle = Manual;
					};
					CE39809E1E58BEE10062485B = {
						CreatedOnToolsVersion = 8.2;
						ProvisioningStyle = Automatic;
					};
				};
			};
			buildConfigurationList = CE3980661E58BA7F0062485B /* Build configuration list for PBXProject "GoogleMapsANE" */;
			compatibilityVersion = "Xcode 10.0";
			developmentRegion = English;
			hasScannedForEncodings = 0;
			knownRegions = (
				en,
				Base,
			);
			mainGroup = CE3980621E58BA7F0062485B;
			productRefGroup = CE39806C1E58BA7F0062485B /* Products */;
			projectDirPath = "";
			projectRoot = "";
			targets = (
				CE3980891E58BAA90062485B /* GoogleMapsANE_FW */,
				CE39809E1E58BEE10062485B /* GoogleMapsANE_LIB */,
			);
		};
/* End PBXProject section */

/* Begin PBXShellScriptBuildPhase section */
		CE3980B21E58C0D80062485B /* ShellScript */ = {
			isa = PBXShellScriptBuildPhase;
			buildActionMask = 12;
			files = (
			);
			inputPaths = (
			);
			outputPaths = (
			);
			runOnlyForDeploymentPostprocessing = 0;
			shellPath = /bin/sh;
			shellScript = "../../../native_extension/ane/build_mobile.sh\n";
		};
		CE7CFE0420229017007F9024 /* ShellScript */ = {
			isa = PBXShellScriptBuildPhase;
			buildActionMask = 2147483647;
			files = (
			);
			inputPaths = (
			);
			outputPaths = (
			);
			runOnlyForDeploymentPostprocessing = 0;
			shellPath = /bin/sh;
			shellScript = "if which swiftlint >/dev/null; then\nswiftlint\nelse\necho \"warning: SwiftLint not installed, download from https://github.com/realm/SwiftLint\"\nfi\n";
		};
/* End PBXShellScriptBuildPhase section */

/* Begin PBXSourcesBuildPhase section */
		CE3980851E58BAA90062485B /* Sources */ = {
			isa = PBXSourcesBuildPhase;
			buildActionMask = 2147483647;
			files = (
				CE5D4976202619540067B01C /* LocationController.swift in Sources */,
				CEFB3BCD1FF82D8F0095DE62 /* FreMKPolyline.swift in Sources */,
				CE9397501F70772400A1428C /* CustomMKAnnotation.swift in Sources */,
				CE5D4978202619CD0067B01C /* MapProvider.swift in Sources */,
				CEB5ED151F5C56F900AE8B16 /* Constants.swift in Sources */,
				CEA653332027602C0034C691 /* GMSMapController+GMSMapViewDelegate.swift in Sources */,
				CEA0DE401F5DF9DD0012EB4E /* GMSMapController.swift in Sources */,
				CEA65335202761590034C691 /* MKMapController+MKMapViewDelegate.swift in Sources */,
				CEFB3BC91FF805D00095DE62 /* FreMKPolygon.swift in Sources */,
				CEA65337202763570034C691 /* SwiftController+FreSwift.swift in Sources */,
				90C3B5D721F4D83B002F59AB /* FreGMSPolygon.swift in Sources */,
				CEC1A0FD1FF7187600ED797A /* FreGMSMarker.swift in Sources */,
				CEFB3BC71FF802360095DE62 /* CustomMKPolygon.swift in Sources */,
				CE3980981E58BB070062485B /* SwiftController.swift in Sources */,
				CE6589F51F6F1A9900656914 /* MapViewExtension.swift in Sources */,
				CEB5ED131F5C4F7800AE8B16 /* SwiftyJSON.swift in Sources */,
				CE6589F31F6EE39100656914 /* MKMapController.swift in Sources */,
				CEA0DE421F5DFA7A0012EB4E /* Settings.swift in Sources */,
				CE5E29881F6452CC00FDB81A /* MarkerOptions.swift in Sources */,
				90C3B5D921F4E135002F59AB /* FreGMSMutablePath.swift in Sources */,
				CEFB3BC31FF7CC3F0095DE62 /* FreGMSPolyline.swift in Sources */,
				285FE645B808125071F7A08A /* CustomMKCircle.swift in Sources */,
				285FE6FF36D515256EAE7B63 /* FreGMSCircle.swift in Sources */,
				CEFB3BCB1FF82D240095DE62 /* CustomMKPolyline.swift in Sources */,
				285FE43BB13A003DF0009958 /* FreMKCircle.swift in Sources */,
				CEFB3BC11FF7C4460095DE62 /* FreGMSGroundOverlay.swift in Sources */,
				285FE1341741FC686F0BEB75 /* FreCLLocationCoordinate.swift in Sources */,
			);
			runOnlyForDeploymentPostprocessing = 0;
		};
		CE39809B1E58BEE10062485B /* Sources */ = {
			isa = PBXSourcesBuildPhase;
			buildActionMask = 2147483647;
			files = (
				285FECB67C2311471C2CD119 /* GoogleMapsANE_LIB.m in Sources */,
			);
			runOnlyForDeploymentPostprocessing = 0;
		};
/* End PBXSourcesBuildPhase section */

/* Begin PBXTargetDependency section */
		CE3980B11E58C08A0062485B /* PBXTargetDependency */ = {
			isa = PBXTargetDependency;
			target = CE3980891E58BAA90062485B /* GoogleMapsANE_FW */;
			targetProxy = CE3980B01E58C08A0062485B /* PBXContainerItemProxy */;
		};
/* End PBXTargetDependency section */

/* Begin XCBuildConfiguration section */
		CE3980801E58BA7F0062485B /* Debug */ = {
			isa = XCBuildConfiguration;
			buildSettings = {
				ALWAYS_SEARCH_USER_PATHS = NO;
				CLANG_ANALYZER_NONNULL = YES;
				CLANG_CXX_LANGUAGE_STANDARD = "compiler-default";
				CLANG_CXX_LIBRARY = "compiler-default";
				CLANG_ENABLE_MODULES = YES;
				CLANG_ENABLE_OBJC_ARC = YES;
				CLANG_WARN_BLOCK_CAPTURE_AUTORELEASING = YES;
				CLANG_WARN_BOOL_CONVERSION = YES;
				CLANG_WARN_COMMA = YES;
				CLANG_WARN_CONSTANT_CONVERSION = YES;
				CLANG_WARN_DEPRECATED_OBJC_IMPLEMENTATIONS = YES;
				CLANG_WARN_DIRECT_OBJC_ISA_USAGE = YES_ERROR;
				CLANG_WARN_DOCUMENTATION_COMMENTS = YES;
				CLANG_WARN_EMPTY_BODY = YES;
				CLANG_WARN_ENUM_CONVERSION = YES;
				CLANG_WARN_INFINITE_RECURSION = YES;
				CLANG_WARN_INT_CONVERSION = YES;
				CLANG_WARN_NON_LITERAL_NULL_CONVERSION = YES;
				CLANG_WARN_OBJC_IMPLICIT_RETAIN_SELF = YES;
				CLANG_WARN_OBJC_LITERAL_CONVERSION = YES;
				CLANG_WARN_OBJC_ROOT_CLASS = YES_ERROR;
				CLANG_WARN_RANGE_LOOP_ANALYSIS = YES;
				CLANG_WARN_STRICT_PROTOTYPES = YES;
				CLANG_WARN_SUSPICIOUS_MOVE = YES;
				CLANG_WARN_UNREACHABLE_CODE = YES;
				CLANG_WARN__DUPLICATE_METHOD_MATCH = YES;
				"CODE_SIGN_IDENTITY[sdk=iphoneos*]" = "iPhone Developer";
				COPY_PHASE_STRIP = NO;
				DEBUG_INFORMATION_FORMAT = dwarf;
				DEVELOPMENT_TEAM = J5NM3RJ6B6;
				ENABLE_BITCODE = NO;
				ENABLE_STRICT_OBJC_MSGSEND = YES;
				ENABLE_TESTABILITY = YES;
				GCC_C_LANGUAGE_STANDARD = "compiler-default";
				GCC_DYNAMIC_NO_PIC = NO;
				GCC_NO_COMMON_BLOCKS = YES;
				GCC_OPTIMIZATION_LEVEL = 0;
				GCC_PREPROCESSOR_DEFINITIONS = (
					"DEBUG=1",
					"$(inherited)",
				);
				GCC_WARN_64_TO_32_BIT_CONVERSION = YES;
				GCC_WARN_ABOUT_RETURN_TYPE = YES_ERROR;
				GCC_WARN_UNDECLARED_SELECTOR = YES;
				GCC_WARN_UNINITIALIZED_AUTOS = YES_AGGRESSIVE;
				GCC_WARN_UNUSED_FUNCTION = YES;
				GCC_WARN_UNUSED_VARIABLE = YES;
				IPHONEOS_DEPLOYMENT_TARGET = 9.0;
				MTL_ENABLE_DEBUG_INFO = YES;
				ONLY_ACTIVE_ARCH = YES;
				SDKROOT = iphoneos;
				SWIFT_VERSION = 4.2;
				TARGETED_DEVICE_FAMILY = "1,2";
			};
			name = Debug;
		};
		CE3980811E58BA7F0062485B /* Release */ = {
			isa = XCBuildConfiguration;
			buildSettings = {
				ALWAYS_SEARCH_USER_PATHS = NO;
				CLANG_ANALYZER_NONNULL = YES;
				CLANG_CXX_LANGUAGE_STANDARD = "compiler-default";
				CLANG_CXX_LIBRARY = "compiler-default";
				CLANG_ENABLE_MODULES = YES;
				CLANG_ENABLE_OBJC_ARC = YES;
				CLANG_WARN_BLOCK_CAPTURE_AUTORELEASING = YES;
				CLANG_WARN_BOOL_CONVERSION = YES;
				CLANG_WARN_COMMA = YES;
				CLANG_WARN_CONSTANT_CONVERSION = YES;
				CLANG_WARN_DEPRECATED_OBJC_IMPLEMENTATIONS = YES;
				CLANG_WARN_DIRECT_OBJC_ISA_USAGE = YES_ERROR;
				CLANG_WARN_DOCUMENTATION_COMMENTS = YES;
				CLANG_WARN_EMPTY_BODY = YES;
				CLANG_WARN_ENUM_CONVERSION = YES;
				CLANG_WARN_INFINITE_RECURSION = YES;
				CLANG_WARN_INT_CONVERSION = YES;
				CLANG_WARN_NON_LITERAL_NULL_CONVERSION = YES;
				CLANG_WARN_OBJC_IMPLICIT_RETAIN_SELF = YES;
				CLANG_WARN_OBJC_LITERAL_CONVERSION = YES;
				CLANG_WARN_OBJC_ROOT_CLASS = YES_ERROR;
				CLANG_WARN_RANGE_LOOP_ANALYSIS = YES;
				CLANG_WARN_STRICT_PROTOTYPES = YES;
				CLANG_WARN_SUSPICIOUS_MOVE = YES;
				CLANG_WARN_UNREACHABLE_CODE = YES;
				CLANG_WARN__DUPLICATE_METHOD_MATCH = YES;
				"CODE_SIGN_IDENTITY[sdk=iphoneos*]" = "iPhone Developer";
				COPY_PHASE_STRIP = NO;
				DEBUG_INFORMATION_FORMAT = "dwarf-with-dsym";
				DEVELOPMENT_TEAM = J5NM3RJ6B6;
				ENABLE_BITCODE = NO;
				ENABLE_NS_ASSERTIONS = NO;
				ENABLE_STRICT_OBJC_MSGSEND = YES;
				GCC_C_LANGUAGE_STANDARD = "compiler-default";
				GCC_NO_COMMON_BLOCKS = YES;
				GCC_WARN_64_TO_32_BIT_CONVERSION = YES;
				GCC_WARN_ABOUT_RETURN_TYPE = YES_ERROR;
				GCC_WARN_UNDECLARED_SELECTOR = YES;
				GCC_WARN_UNINITIALIZED_AUTOS = YES_AGGRESSIVE;
				GCC_WARN_UNUSED_FUNCTION = YES;
				GCC_WARN_UNUSED_VARIABLE = YES;
				IPHONEOS_DEPLOYMENT_TARGET = 9.0;
				MTL_ENABLE_DEBUG_INFO = NO;
				SDKROOT = iphoneos;
				SWIFT_COMPILATION_MODE = wholemodule;
				SWIFT_OPTIMIZATION_LEVEL = "-O";
				SWIFT_VERSION = 4.2;
				TARGETED_DEVICE_FAMILY = "1,2";
				VALIDATE_PRODUCT = YES;
			};
			name = Release;
		};
		CE3980941E58BAA90062485B /* Debug */ = {
			isa = XCBuildConfiguration;
			buildSettings = {
				ALWAYS_EMBED_SWIFT_STANDARD_LIBRARIES = YES;
				CLANG_ENABLE_MODULES = YES;
				CODE_SIGN_IDENTITY = "";
				"CODE_SIGN_IDENTITY[sdk=iphoneos*]" = "";
				CURRENT_PROJECT_VERSION = 1;
				DEFINES_MODULE = YES;
				DEVELOPMENT_TEAM = "";
				DYLIB_COMPATIBILITY_VERSION = 1;
				DYLIB_CURRENT_VERSION = 1;
				DYLIB_INSTALL_NAME_BASE = "@rpath";
				ENABLE_BITCODE = NO;
				FRAMEWORK_SEARCH_PATHS = (
					"$(inherited)",
					"$(PROJECT_DIR)/Frameworks",
					"$(PROJECT_DIR)/Carthage/Build/iOS",
				);
				INFOPLIST_FILE = GoogleMapsANE_FW/Info.plist;
				INSTALL_PATH = "$(LOCAL_LIBRARY_DIR)/Frameworks";
				IPHONEOS_DEPLOYMENT_TARGET = 9.0;
				LD_RUNPATH_SEARCH_PATHS = (
					"$(inherited)",
					"@executable_path/Frameworks",
					"@loader_path/Frameworks",
				);
				ONLY_ACTIVE_ARCH = NO;
				OTHER_LDFLAGS = "-ObjC";
				PRODUCT_BUNDLE_IDENTIFIER = com.tuarua.GoogleMapsANE;
				PRODUCT_NAME = "$(TARGET_NAME)";
				PROVISIONING_PROFILE_SPECIFIER = "";
				SKIP_INSTALL = YES;
				SWIFT_ACTIVE_COMPILATION_CONDITIONS = DEBUG;
				SWIFT_OBJC_INTERFACE_HEADER_NAME = "GoogleMapsANE_FW-Swift.h";
				SWIFT_OPTIMIZATION_LEVEL = "-Onone";
				SWIFT_SWIFT3_OBJC_INFERENCE = Default;
				SWIFT_VERSION = 4.2;
				VERSIONING_SYSTEM = "apple-generic";
				VERSION_INFO_PREFIX = "";
			};
			name = Debug;
		};
		CE3980951E58BAA90062485B /* Release */ = {
			isa = XCBuildConfiguration;
			buildSettings = {
				ALWAYS_EMBED_SWIFT_STANDARD_LIBRARIES = YES;
				CLANG_ENABLE_MODULES = YES;
				CODE_SIGN_IDENTITY = "";
				"CODE_SIGN_IDENTITY[sdk=iphoneos*]" = "";
				CURRENT_PROJECT_VERSION = 1;
				DEFINES_MODULE = YES;
				DEVELOPMENT_TEAM = "";
				DYLIB_COMPATIBILITY_VERSION = 1;
				DYLIB_CURRENT_VERSION = 1;
				DYLIB_INSTALL_NAME_BASE = "@rpath";
				ENABLE_BITCODE = NO;
				FRAMEWORK_SEARCH_PATHS = (
					"$(inherited)",
					"$(PROJECT_DIR)/Frameworks",
					"$(PROJECT_DIR)/Carthage/Build/iOS",
				);
				INFOPLIST_FILE = GoogleMapsANE_FW/Info.plist;
				INSTALL_PATH = "$(LOCAL_LIBRARY_DIR)/Frameworks";
				IPHONEOS_DEPLOYMENT_TARGET = 9.0;
				LD_RUNPATH_SEARCH_PATHS = (
					"$(inherited)",
					"@executable_path/Frameworks",
					"@loader_path/Frameworks",
				);
				ONLY_ACTIVE_ARCH = NO;
				OTHER_LDFLAGS = "-ObjC";
				PRODUCT_BUNDLE_IDENTIFIER = com.tuarua.GoogleMapsANE;
				PRODUCT_NAME = "$(TARGET_NAME)";
				PROVISIONING_PROFILE_SPECIFIER = "";
				SKIP_INSTALL = YES;
				SWIFT_COMPILATION_MODE = wholemodule;
				SWIFT_OBJC_INTERFACE_HEADER_NAME = "GoogleMapsANE_FW-Swift.h";
				SWIFT_OPTIMIZATION_LEVEL = "-O";
				SWIFT_SWIFT3_OBJC_INFERENCE = Default;
				SWIFT_VERSION = 4.2;
				VERSIONING_SYSTEM = "apple-generic";
				VERSION_INFO_PREFIX = "";
			};
			name = Release;
		};
		CE3980A61E58BEE10062485B /* Debug */ = {
			isa = XCBuildConfiguration;
			buildSettings = {
				CODE_SIGN_IDENTITY = "";
				"CODE_SIGN_IDENTITY[sdk=iphoneos*]" = "";
				DEVELOPMENT_TEAM = "";
				ENABLE_BITCODE = NO;
				FRAMEWORK_SEARCH_PATHS = (
					"$(inherited)",
					"$(PROJECT_DIR)/Frameworks",
					"$(PROJECT_DIR)/Carthage/Build/iOS",
				);
				LD_RUNPATH_SEARCH_PATHS = (
					"$(inherited)",
					"@rpath",
					"@loader_path",
					"@executable_path/Frameworks",
					"@executable_path",
				);
				ONLY_ACTIVE_ARCH = NO;
				OTHER_LDFLAGS = "-ObjC";
				PRODUCT_NAME = "$(TARGET_NAME)";
				SKIP_INSTALL = YES;
			};
			name = Debug;
		};
		CE3980A71E58BEE10062485B /* Release */ = {
			isa = XCBuildConfiguration;
			buildSettings = {
				CODE_SIGN_IDENTITY = "";
				"CODE_SIGN_IDENTITY[sdk=iphoneos*]" = "";
				DEVELOPMENT_TEAM = "";
				ENABLE_BITCODE = NO;
				FRAMEWORK_SEARCH_PATHS = (
					"$(inherited)",
					"$(PROJECT_DIR)/Frameworks",
					"$(PROJECT_DIR)/Carthage/Build/iOS",
				);
				LD_RUNPATH_SEARCH_PATHS = (
					"$(inherited)",
					"@rpath",
					"@loader_path",
					"@executable_path/Frameworks",
					"@executable_path",
				);
				ONLY_ACTIVE_ARCH = NO;
				OTHER_LDFLAGS = "-ObjC";
				PRODUCT_NAME = "$(TARGET_NAME)";
				SKIP_INSTALL = YES;
			};
			name = Release;
		};
/* End XCBuildConfiguration section */

/* Begin XCConfigurationList section */
		CE3980661E58BA7F0062485B /* Build configuration list for PBXProject "GoogleMapsANE" */ = {
			isa = XCConfigurationList;
			buildConfigurations = (
				CE3980801E58BA7F0062485B /* Debug */,
				CE3980811E58BA7F0062485B /* Release */,
			);
			defaultConfigurationIsVisible = 0;
			defaultConfigurationName = Release;
		};
		CE3980931E58BAA90062485B /* Build configuration list for PBXNativeTarget "GoogleMapsANE_FW" */ = {
			isa = XCConfigurationList;
			buildConfigurations = (
				CE3980941E58BAA90062485B /* Debug */,
				CE3980951E58BAA90062485B /* Release */,
			);
			defaultConfigurationIsVisible = 0;
			defaultConfigurationName = Release;
		};
		CE3980A51E58BEE10062485B /* Build configuration list for PBXNativeTarget "GoogleMapsANE_LIB" */ = {
			isa = XCConfigurationList;
			buildConfigurations = (
				CE3980A61E58BEE10062485B /* Debug */,
				CE3980A71E58BEE10062485B /* Release */,
			);
			defaultConfigurationIsVisible = 0;
			defaultConfigurationName = Release;
		};
/* End XCConfigurationList section */
	};
	rootObject = CE3980631E58BA7F0062485B /* Project object */;
}
